
Microsoft Visual Studio Solution File, Format Version 12.00
# Visual Studio Version 17
VisualStudioVersion = 17.5.002.0
MinimumVisualStudioVersion = 10.0.40219.1
Project("{2150E333-8FDC-42A3-9474-1A3956D46DE8}") = "csharp-prep", "csharp-prep", "{274A2E82-A3D4-4DFC-82F9-6A0F89B013AE}"
EndProject
Project("{9A19103F-16F7-4668-BE54-9A1E7A4F7556}") = "Prep1", "csharp-prep\Prep1\Prep1.csproj", "{D38DC77D-CE39-445C-9D27-9C043C6A1609}"
EndProject
Project("{9A19103F-16F7-4668-BE54-9A1E7A4F7556}") = "Prep2", "csharp-prep\Prep2\Prep2.csproj", "{888EFF9F-7F89-49BE-9A96-AEF31D901CFB}"
EndProject
Project("{9A19103F-16F7-4668-BE54-9A1E7A4F7556}") = "Prep3", "csharp-prep\Prep3\Prep3.csproj", "{C3A7EF26-2CB3-470B-B024-3EB4DBEBA00B}"
EndProject
Project("{9A19103F-16F7-4668-BE54-9A1E7A4F7556}") = "Prep4", "csharp-prep\Prep4\Prep4.csproj", "{4A3DB45E-ED91-4566-8F38-DED246FE7B9A}"
EndProject
Project("{9A19103F-16F7-4668-BE54-9A1E7A4F7556}") = "Prep5", "csharp-prep\Prep5\Prep5.csproj", "{A4DAB8EF-67D5-4223-B38F-043CB9E5D0D7}"
EndProject
Project("{2150E333-8FDC-42A3-9474-1A3956D46DE8}") = "final", "final", "{7BA9D8CE-F49F-4BEA-B32E-DC4F4CA06795}"
EndProject
Project("{9A19103F-16F7-4668-BE54-9A1E7A4F7556}") = "FinalProject", "final\FinalProject\FinalProject.csproj", "{5ABB65EA-A172-40E8-A91E-9655571EF0AD}"
EndProject
Project("{9A19103F-16F7-4668-BE54-9A1E7A4F7556}") = "Foundation1", "final\Foundation1\Foundation1.csproj", "{A6655ADD-E04B-46E2-B32C-89BACFB5B060}"
EndProject
Project("{9A19103F-16F7-4668-BE54-9A1E7A4F7556}") = "Foundation2", "final\Foundation2\Foundation2.csproj", "{F87E3BA5-E26E-4187-ABEE-5E93600C2696}"
EndProject
Project("{9A19103F-16F7-4668-BE54-9A1E7A4F7556}") = "Foundation3", "final\Foundation3\Foundation3.csproj", "{9432688E-5DEF-4941-9B39-06005D153A49}"
EndProject
Project("{9A19103F-16F7-4668-BE54-9A1E7A4F7556}") = "Foundation4", "final\Foundation4\Foundation4.csproj", "{52E7F561-2EB6-4F93-9536-D6E2281885C5}"
EndProject
Project("{2150E333-8FDC-42A3-9474-1A3956D46DE8}") = "prepare", "prepare", "{CD36C15F-CB57-4A95-A562-68F29127D563}"
EndProject
Project("{9A19103F-16F7-4668-BE54-9A1E7A4F7556}") = "Learning02", "prepare\Learning02\Learning02.csproj", "{883FBBF6-3319-43CD-8AA7-A380440BA1F2}"
EndProject
Project("{9A19103F-16F7-4668-BE54-9A1E7A4F7556}") = "Learning03", "prepare\Learning03\Learning03.csproj", "{2AA4C8CE-A5A0-4F9E-8905-81BA0743944A}"
EndProject
Project("{9A19103F-16F7-4668-BE54-9A1E7A4F7556}") = "Learning04", "prepare\Learning04\Learning04.csproj", "{6229EED2-CBF8-4A78-B883-F18827EB8E49}"
EndProject
Project("{9A19103F-16F7-4668-BE54-9A1E7A4F7556}") = "Learning05", "prepare\Learning05\Learning05.csproj", "{AF1188D1-D27B-4AA6-BBF4-2D34785C2D67}"
EndProject
Project("{2150E333-8FDC-42A3-9474-1A3956D46DE8}") = "prove", "prove", "{E691197A-AF75-4E58-AB26-22740BE5F3CB}"
EndProject
Project("{9A19103F-16F7-4668-BE54-9A1E7A4F7556}") = "Develop02", "prove\Develop02\Develop02.csproj", "{1C7E2223-D991-46C8-BD01-82D390ACC4E1}"
EndProject
Project("{9A19103F-16F7-4668-BE54-9A1E7A4F7556}") = "Develop03", "prove\Develop03\Develop03.csproj", "{CB0BE5CE-9DEA-4DB6-A75B-BEBDA077FADE}"
EndProject
Project("{9A19103F-16F7-4668-BE54-9A1E7A4F7556}") = "Develop04", "prove\Develop04\Develop04.csproj", "{B30DBF97-6C9A-4759-B66A-D3BE0F178D19}"
EndProject
Project("{9A19103F-16F7-4668-BE54-9A1E7A4F7556}") = "Develop05", "prove\Develop05\Develop05.csproj", "{5DFF98E6-E598-489C-B846-85AB5116D9B4}"
EndProject
Project("{2150E333-8FDC-42A3-9474-1A3956D46DE8}") = "sandbox", "sandbox", "{CB1CA051-63D3-468C-B4B5-40825C19B725}"
EndProject
Project("{9A19103F-16F7-4668-BE54-9A1E7A4F7556}") = "Sandbox", "sandbox\Sandbox\Sandbox.csproj", "{C14F08D2-7EE2-453C-839A-52511015474A}"
EndProject
Global
	GlobalSection(SolutionConfigurationPlatforms) = preSolution
		Debug|Any CPU = Debug|Any CPU
		Release|Any CPU = Release|Any CPU
	EndGlobalSection
	GlobalSection(ProjectConfigurationPlatforms) = postSolution
		{D38DC77D-CE39-445C-9D27-9C043C6A1609}.Debug|Any CPU.ActiveCfg = Debug|Any CPU
		{D38DC77D-CE39-445C-9D27-9C043C6A1609}.Debug|Any CPU.Build.0 = Debug|Any CPU
		{D38DC77D-CE39-445C-9D27-9C043C6A1609}.Release|Any CPU.ActiveCfg = Release|Any CPU
		{D38DC77D-CE39-445C-9D27-9C043C6A1609}.Release|Any CPU.Build.0 = Release|Any CPU
		{888EFF9F-7F89-49BE-9A96-AEF31D901CFB}.Debug|Any CPU.ActiveCfg = Debug|Any CPU
		{888EFF9F-7F89-49BE-9A96-AEF31D901CFB}.Debug|Any CPU.Build.0 = Debug|Any CPU
		{888EFF9F-7F89-49BE-9A96-AEF31D901CFB}.Release|Any CPU.ActiveCfg = Release|Any CPU
		{888EFF9F-7F89-49BE-9A96-AEF31D901CFB}.Release|Any CPU.Build.0 = Release|Any CPU
		{C3A7EF26-2CB3-470B-B024-3EB4DBEBA00B}.Debug|Any CPU.ActiveCfg = Debug|Any CPU
		{C3A7EF26-2CB3-470B-B024-3EB4DBEBA00B}.Debug|Any CPU.Build.0 = Debug|Any CPU
		{C3A7EF26-2CB3-470B-B024-3EB4DBEBA00B}.Release|Any CPU.ActiveCfg = Release|Any CPU
		{C3A7EF26-2CB3-470B-B024-3EB4DBEBA00B}.Release|Any CPU.Build.0 = Release|Any CPU
		{4A3DB45E-ED91-4566-8F38-DED246FE7B9A}.Debug|Any CPU.ActiveCfg = Debug|Any CPU
		{4A3DB45E-ED91-4566-8F38-DED246FE7B9A}.Debug|Any CPU.Build.0 = Debug|Any CPU
		{4A3DB45E-ED91-4566-8F38-DED246FE7B9A}.Release|Any CPU.ActiveCfg = Release|Any CPU
		{4A3DB45E-ED91-4566-8F38-DED246FE7B9A}.Release|Any CPU.Build.0 = Release|Any CPU
		{A4DAB8EF-67D5-4223-B38F-043CB9E5D0D7}.Debug|Any CPU.ActiveCfg = Debug|Any CPU
		{A4DAB8EF-67D5-4223-B38F-043CB9E5D0D7}.Debug|Any CPU.Build.0 = Debug|Any CPU
		{A4DAB8EF-67D5-4223-B38F-043CB9E5D0D7}.Release|Any CPU.ActiveCfg = Release|Any CPU
		{A4DAB8EF-67D5-4223-B38F-043CB9E5D0D7}.Release|Any CPU.Build.0 = Release|Any CPU
		{5ABB65EA-A172-40E8-A91E-9655571EF0AD}.Debug|Any CPU.ActiveCfg = Debug|Any CPU
		{5ABB65EA-A172-40E8-A91E-9655571EF0AD}.Debug|Any CPU.Build.0 = Debug|Any CPU
		{5ABB65EA-A172-40E8-A91E-9655571EF0AD}.Release|Any CPU.ActiveCfg = Release|Any CPU
		{5ABB65EA-A172-40E8-A91E-9655571EF0AD}.Release|Any CPU.Build.0 = Release|Any CPU
		{A6655ADD-E04B-46E2-B32C-89BACFB5B060}.Debug|Any CPU.ActiveCfg = Debug|Any CPU
		{A6655ADD-E04B-46E2-B32C-89BACFB5B060}.Debug|Any CPU.Build.0 = Debug|Any CPU
		{A6655ADD-E04B-46E2-B32C-89BACFB5B060}.Release|Any CPU.ActiveCfg = Release|Any CPU
		{A6655ADD-E04B-46E2-B32C-89BACFB5B060}.Release|Any CPU.Build.0 = Release|Any CPU
		{F87E3BA5-E26E-4187-ABEE-5E93600C2696}.Debug|Any CPU.ActiveCfg = Debug|Any CPU
		{F87E3BA5-E26E-4187-ABEE-5E93600C2696}.Debug|Any CPU.Build.0 = Debug|Any CPU
		{F87E3BA5-E26E-4187-ABEE-5E93600C2696}.Release|Any CPU.ActiveCfg = Release|Any CPU
		{F87E3BA5-E26E-4187-ABEE-5E93600C2696}.Release|Any CPU.Build.0 = Release|Any CPU
		{9432688E-5DEF-4941-9B39-06005D153A49}.Debug|Any CPU.ActiveCfg = Debug|Any CPU
		{9432688E-5DEF-4941-9B39-06005D153A49}.Debug|Any CPU.Build.0 = Debug|Any CPU
		{9432688E-5DEF-4941-9B39-06005D153A49}.Release|Any CPU.ActiveCfg = Release|Any CPU
		{9432688E-5DEF-4941-9B39-06005D153A49}.Release|Any CPU.Build.0 = Release|Any CPU
		{52E7F561-2EB6-4F93-9536-D6E2281885C5}.Debug|Any CPU.ActiveCfg = Debug|Any CPU
		{52E7F561-2EB6-4F93-9536-D6E2281885C5}.Debug|Any CPU.Build.0 = Debug|Any CPU
		{52E7F561-2EB6-4F93-9536-D6E2281885C5}.Release|Any CPU.ActiveCfg = Release|Any CPU
		{52E7F561-2EB6-4F93-9536-D6E2281885C5}.Release|Any CPU.Build.0 = Release|Any CPU
		{883FBBF6-3319-43CD-8AA7-A380440BA1F2}.Debug|Any CPU.ActiveCfg = Debug|Any CPU
		{883FBBF6-3319-43CD-8AA7-A380440BA1F2}.Debug|Any CPU.Build.0 = Debug|Any CPU
		{883FBBF6-3319-43CD-8AA7-A380440BA1F2}.Release|Any CPU.ActiveCfg = Release|Any CPU
		{883FBBF6-3319-43CD-8AA7-A380440BA1F2}.Release|Any CPU.Build.0 = Release|Any CPU
		{2AA4C8CE-A5A0-4F9E-8905-81BA0743944A}.Debug|Any CPU.ActiveCfg = Debug|Any CPU
		{2AA4C8CE-A5A0-4F9E-8905-81BA0743944A}.Debug|Any CPU.Build.0 = Debug|Any CPU
		{2AA4C8CE-A5A0-4F9E-8905-81BA0743944A}.Release|Any CPU.ActiveCfg = Release|Any CPU
		{2AA4C8CE-A5A0-4F9E-8905-81BA0743944A}.Release|Any CPU.Build.0 = Release|Any CPU
		{6229EED2-CBF8-4A78-B883-F18827EB8E49}.Debug|Any CPU.ActiveCfg = Debug|Any CPU
		{6229EED2-CBF8-4A78-B883-F18827EB8E49}.Debug|Any CPU.Build.0 = Debug|Any CPU
		{6229EED2-CBF8-4A78-B883-F18827EB8E49}.Release|Any CPU.ActiveCfg = Release|Any CPU
		{6229EED2-CBF8-4A78-B883-F18827EB8E49}.Release|Any CPU.Build.0 = Release|Any CPU
		{AF1188D1-D27B-4AA6-BBF4-2D34785C2D67}.Debug|Any CPU.ActiveCfg = Debug|Any CPU
		{AF1188D1-D27B-4AA6-BBF4-2D34785C2D67}.Debug|Any CPU.Build.0 = Debug|Any CPU
		{AF1188D1-D27B-4AA6-BBF4-2D34785C2D67}.Release|Any CPU.ActiveCfg = Release|Any CPU
		{AF1188D1-D27B-4AA6-BBF4-2D34785C2D67}.Release|Any CPU.Build.0 = Release|Any CPU
		{1C7E2223-D991-46C8-BD01-82D390ACC4E1}.Debug|Any CPU.ActiveCfg = Debug|Any CPU
		{1C7E2223-D991-46C8-BD01-82D390ACC4E1}.Debug|Any CPU.Build.0 = Debug|Any CPU
		{1C7E2223-D991-46C8-BD01-82D390ACC4E1}.Release|Any CPU.ActiveCfg = Release|Any CPU
		{1C7E2223-D991-46C8-BD01-82D390ACC4E1}.Release|Any CPU.Build.0 = Release|Any CPU
		{CB0BE5CE-9DEA-4DB6-A75B-BEBDA077FADE}.Debug|Any CPU.ActiveCfg = Debug|Any CPU
		{CB0BE5CE-9DEA-4DB6-A75B-BEBDA077FADE}.Debug|Any CPU.Build.0 = Debug|Any CPU
		{CB0BE5CE-9DEA-4DB6-A75B-BEBDA077FADE}.Release|Any CPU.ActiveCfg = Release|Any CPU
		{CB0BE5CE-9DEA-4DB6-A75B-BEBDA077FADE}.Release|Any CPU.Build.0 = Release|Any CPU
		{B30DBF97-6C9A-4759-B66A-D3BE0F178D19}.Debug|Any CPU.ActiveCfg = Debug|Any CPU
		{B30DBF97-6C9A-4759-B66A-D3BE0F178D19}.Debug|Any CPU.Build.0 = Debug|Any CPU
		{B30DBF97-6C9A-4759-B66A-D3BE0F178D19}.Release|Any CPU.ActiveCfg = Release|Any CPU
		{B30DBF97-6C9A-4759-B66A-D3BE0F178D19}.Release|Any CPU.Build.0 = Release|Any CPU
		{5DFF98E6-E598-489C-B846-85AB5116D9B4}.Debug|Any CPU.ActiveCfg = Debug|Any CPU
		{5DFF98E6-E598-489C-B846-85AB5116D9B4}.Debug|Any CPU.Build.0 = Debug|Any CPU
		{5DFF98E6-E598-489C-B846-85AB5116D9B4}.Release|Any CPU.ActiveCfg = Release|Any CPU
		{5DFF98E6-E598-489C-B846-85AB5116D9B4}.Release|Any CPU.Build.0 = Release|Any CPU
		{C14F08D2-7EE2-453C-839A-52511015474A}.Debug|Any CPU.ActiveCfg = Debug|Any CPU
		{C14F08D2-7EE2-453C-839A-52511015474A}.Debug|Any CPU.Build.0 = Debug|Any CPU
		{C14F08D2-7EE2-453C-839A-52511015474A}.Release|Any CPU.ActiveCfg = Release|Any CPU
		{C14F08D2-7EE2-453C-839A-52511015474A}.Release|Any CPU.Build.0 = Release|Any CPU
	EndGlobalSection
	GlobalSection(SolutionProperties) = preSolution
		HideSolutionNode = FALSE
	EndGlobalSection
	GlobalSection(NestedProjects) = preSolution
		{D38DC77D-CE39-445C-9D27-9C043C6A1609} = {274A2E82-A3D4-4DFC-82F9-6A0F89B013AE}
		{888EFF9F-7F89-49BE-9A96-AEF31D901CFB} = {274A2E82-A3D4-4DFC-82F9-6A0F89B013AE}
		{C3A7EF26-2CB3-470B-B024-3EB4DBEBA00B} = {274A2E82-A3D4-4DFC-82F9-6A0F89B013AE}
		{4A3DB45E-ED91-4566-8F38-DED246FE7B9A} = {274A2E82-A3D4-4DFC-82F9-6A0F89B013AE}
		{A4DAB8EF-67D5-4223-B38F-043CB9E5D0D7} = {274A2E82-A3D4-4DFC-82F9-6A0F89B013AE}
		{5ABB65EA-A172-40E8-A91E-9655571EF0AD} = {7BA9D8CE-F49F-4BEA-B32E-DC4F4CA06795}
		{A6655ADD-E04B-46E2-B32C-89BACFB5B060} = {7BA9D8CE-F49F-4BEA-B32E-DC4F4CA06795}
		{F87E3BA5-E26E-4187-ABEE-5E93600C2696} = {7BA9D8CE-F49F-4BEA-B32E-DC4F4CA06795}
		{9432688E-5DEF-4941-9B39-06005D153A49} = {7BA9D8CE-F49F-4BEA-B32E-DC4F4CA06795}
		{52E7F561-2EB6-4F93-9536-D6E2281885C5} = {7BA9D8CE-F49F-4BEA-B32E-DC4F4CA06795}
		{883FBBF6-3319-43CD-8AA7-A380440BA1F2} = {CD36C15F-CB57-4A95-A562-68F29127D563}
		{2AA4C8CE-A5A0-4F9E-8905-81BA0743944A} = {CD36C15F-CB57-4A95-A562-68F29127D563}
		{6229EED2-CBF8-4A78-B883-F18827EB8E49} = {CD36C15F-CB57-4A95-A562-68F29127D563}
		{AF1188D1-D27B-4AA6-BBF4-2D34785C2D67} = {CD36C15F-CB57-4A95-A562-68F29127D563}
		{1C7E2223-D991-46C8-BD01-82D390ACC4E1} = {E691197A-AF75-4E58-AB26-22740BE5F3CB}
		{CB0BE5CE-9DEA-4DB6-A75B-BEBDA077FADE} = {E691197A-AF75-4E58-AB26-22740BE5F3CB}
		{B30DBF97-6C9A-4759-B66A-D3BE0F178D19} = {E691197A-AF75-4E58-AB26-22740BE5F3CB}
		{5DFF98E6-E598-489C-B846-85AB5116D9B4} = {E691197A-AF75-4E58-AB26-22740BE5F3CB}
		{C14F08D2-7EE2-453C-839A-52511015474A} = {CB1CA051-63D3-468C-B4B5-40825C19B725}
	EndGlobalSection
	GlobalSection(ExtensibilityGlobals) = postSolution
		SolutionGuid = {AEB6ABB3-FCDF-4CBA-BFEF-04397BC3A24D}
	EndGlobalSection
EndGlobal
