
Microsoft Visual Studio Solution File, Format Version 12.00
# Visual Studio Version 17
VisualStudioVersion = 17.5.002.0
MinimumVisualStudioVersion = 10.0.40219.1
Project("{2150E333-8FDC-42A3-9474-1A3956D46DE8}") = "csharp-prep", "csharp-prep", "{AB969685-90CB-4A71-B5DF-B337AD309DB9}"
EndProject
Project("{9A19103F-16F7-4668-BE54-9A1E7A4F7556}") = "Prep1", "csharp-prep\Prep1\Prep1.csproj", "{9E5DC303-4DBF-46C4-982E-474B1B9D67F0}"
EndProject
Project("{9A19103F-16F7-4668-BE54-9A1E7A4F7556}") = "Prep2", "csharp-prep\Prep2\Prep2.csproj", "{E5738B62-C2AA-46D7-B639-27A282F9EFF5}"
EndProject
Project("{9A19103F-16F7-4668-BE54-9A1E7A4F7556}") = "Prep3", "csharp-prep\Prep3\Prep3.csproj", "{F6C037E1-ABF3-4985-B3BD-ABDC88ACF507}"
EndProject
Project("{9A19103F-16F7-4668-BE54-9A1E7A4F7556}") = "Prep4", "csharp-prep\Prep4\Prep4.csproj", "{0B954740-16D4-41B2-AC75-64E67979E694}"
EndProject
Project("{9A19103F-16F7-4668-BE54-9A1E7A4F7556}") = "Prep5", "csharp-prep\Prep5\Prep5.csproj", "{9CC71195-E47D-4609-82AE-60C7758E5C5F}"
EndProject
Project("{2150E333-8FDC-42A3-9474-1A3956D46DE8}") = "final", "final", "{C7C569E1-3980-4006-B0B9-D0EDC38293BF}"
EndProject
Project("{9A19103F-16F7-4668-BE54-9A1E7A4F7556}") = "FinalProject", "final\FinalProject\FinalProject.csproj", "{AB0D403A-89D6-49BB-BC45-C67B347114D0}"
EndProject
Project("{9A19103F-16F7-4668-BE54-9A1E7A4F7556}") = "Foundation1", "final\Foundation1\Foundation1.csproj", "{8098F706-11A9-4FD2-88E5-73700255FA50}"
EndProject
Project("{9A19103F-16F7-4668-BE54-9A1E7A4F7556}") = "Foundation2", "final\Foundation2\Foundation2.csproj", "{A6F7655D-398B-4C28-AB8A-B8D6A4B18547}"
EndProject
Project("{9A19103F-16F7-4668-BE54-9A1E7A4F7556}") = "Foundation3", "final\Foundation3\Foundation3.csproj", "{19667EEA-B3DE-4D74-91EC-1F39982FE14C}"
EndProject
Project("{9A19103F-16F7-4668-BE54-9A1E7A4F7556}") = "Foundation4", "final\Foundation4\Foundation4.csproj", "{39FCED47-46CB-488A-9B1D-53DD8939CADE}"
EndProject
Project("{2150E333-8FDC-42A3-9474-1A3956D46DE8}") = "prepare", "prepare", "{4D33FFF4-4CE2-493C-BAD1-2CA5D4FBCAED}"
EndProject
Project("{9A19103F-16F7-4668-BE54-9A1E7A4F7556}") = "Learning02", "prepare\Learning02\Learning02.csproj", "{39576963-91E7-40F7-B79E-2FFA712E78FB}"
EndProject
Project("{9A19103F-16F7-4668-BE54-9A1E7A4F7556}") = "Learning03", "prepare\Learning03\Learning03.csproj", "{3AF04786-1FA6-4A5F-B262-58B799C4DBA4}"
EndProject
Project("{9A19103F-16F7-4668-BE54-9A1E7A4F7556}") = "Learning04", "prepare\Learning04\Learning04.csproj", "{F81AEB10-E8A9-49CA-B951-2FC3680DA3D7}"
EndProject
Project("{9A19103F-16F7-4668-BE54-9A1E7A4F7556}") = "Learning05", "prepare\Learning05\Learning05.csproj", "{BEA45BBC-3F47-43EA-A034-87DDB3C3D33A}"
EndProject
Project("{2150E333-8FDC-42A3-9474-1A3956D46DE8}") = "prove", "prove", "{AA9FEAEB-59C4-43BC-8859-FC9713CC8324}"
EndProject
Project("{9A19103F-16F7-4668-BE54-9A1E7A4F7556}") = "Develop02", "prove\Develop02\Develop02.csproj", "{672DC830-E19E-411C-B491-6F882E926077}"
EndProject
Project("{9A19103F-16F7-4668-BE54-9A1E7A4F7556}") = "Develop03", "prove\Develop03\Develop03.csproj", "{A3167E05-FE11-4C6B-86F2-AC1E0425244C}"
EndProject
Project("{9A19103F-16F7-4668-BE54-9A1E7A4F7556}") = "Develop04", "prove\Develop04\Develop04.csproj", "{7A859947-8A74-4F25-8158-716A287292D9}"
EndProject
Project("{9A19103F-16F7-4668-BE54-9A1E7A4F7556}") = "Develop05", "prove\Develop05\Develop05.csproj", "{B0C3F435-48E5-4DA5-BE6A-8792F0713579}"
EndProject
Project("{2150E333-8FDC-42A3-9474-1A3956D46DE8}") = "sandbox", "sandbox", "{F146EEF9-B770-4E68-83C3-8C3449074FB7}"
EndProject
Project("{9A19103F-16F7-4668-BE54-9A1E7A4F7556}") = "Sandbox", "sandbox\Sandbox\Sandbox.csproj", "{25E9A9F3-3B8D-470D-B99E-CDA3B0CD18F5}"
EndProject
Global
	GlobalSection(SolutionConfigurationPlatforms) = preSolution
		Debug|Any CPU = Debug|Any CPU
		Release|Any CPU = Release|Any CPU
	EndGlobalSection
	GlobalSection(ProjectConfigurationPlatforms) = postSolution
		{9E5DC303-4DBF-46C4-982E-474B1B9D67F0}.Debug|Any CPU.ActiveCfg = Debug|Any CPU
		{9E5DC303-4DBF-46C4-982E-474B1B9D67F0}.Debug|Any CPU.Build.0 = Debug|Any CPU
		{9E5DC303-4DBF-46C4-982E-474B1B9D67F0}.Release|Any CPU.ActiveCfg = Release|Any CPU
		{9E5DC303-4DBF-46C4-982E-474B1B9D67F0}.Release|Any CPU.Build.0 = Release|Any CPU
		{E5738B62-C2AA-46D7-B639-27A282F9EFF5}.Debug|Any CPU.ActiveCfg = Debug|Any CPU
		{E5738B62-C2AA-46D7-B639-27A282F9EFF5}.Debug|Any CPU.Build.0 = Debug|Any CPU
		{E5738B62-C2AA-46D7-B639-27A282F9EFF5}.Release|Any CPU.ActiveCfg = Release|Any CPU
		{E5738B62-C2AA-46D7-B639-27A282F9EFF5}.Release|Any CPU.Build.0 = Release|Any CPU
		{F6C037E1-ABF3-4985-B3BD-ABDC88ACF507}.Debug|Any CPU.ActiveCfg = Debug|Any CPU
		{F6C037E1-ABF3-4985-B3BD-ABDC88ACF507}.Debug|Any CPU.Build.0 = Debug|Any CPU
		{F6C037E1-ABF3-4985-B3BD-ABDC88ACF507}.Release|Any CPU.ActiveCfg = Release|Any CPU
		{F6C037E1-ABF3-4985-B3BD-ABDC88ACF507}.Release|Any CPU.Build.0 = Release|Any CPU
		{0B954740-16D4-41B2-AC75-64E67979E694}.Debug|Any CPU.ActiveCfg = Debug|Any CPU
		{0B954740-16D4-41B2-AC75-64E67979E694}.Debug|Any CPU.Build.0 = Debug|Any CPU
		{0B954740-16D4-41B2-AC75-64E67979E694}.Release|Any CPU.ActiveCfg = Release|Any CPU
		{0B954740-16D4-41B2-AC75-64E67979E694}.Release|Any CPU.Build.0 = Release|Any CPU
		{9CC71195-E47D-4609-82AE-60C7758E5C5F}.Debug|Any CPU.ActiveCfg = Debug|Any CPU
		{9CC71195-E47D-4609-82AE-60C7758E5C5F}.Debug|Any CPU.Build.0 = Debug|Any CPU
		{9CC71195-E47D-4609-82AE-60C7758E5C5F}.Release|Any CPU.ActiveCfg = Release|Any CPU
		{9CC71195-E47D-4609-82AE-60C7758E5C5F}.Release|Any CPU.Build.0 = Release|Any CPU
		{AB0D403A-89D6-49BB-BC45-C67B347114D0}.Debug|Any CPU.ActiveCfg = Debug|Any CPU
		{AB0D403A-89D6-49BB-BC45-C67B347114D0}.Debug|Any CPU.Build.0 = Debug|Any CPU
		{AB0D403A-89D6-49BB-BC45-C67B347114D0}.Release|Any CPU.ActiveCfg = Release|Any CPU
		{AB0D403A-89D6-49BB-BC45-C67B347114D0}.Release|Any CPU.Build.0 = Release|Any CPU
		{8098F706-11A9-4FD2-88E5-73700255FA50}.Debug|Any CPU.ActiveCfg = Debug|Any CPU
		{8098F706-11A9-4FD2-88E5-73700255FA50}.Debug|Any CPU.Build.0 = Debug|Any CPU
		{8098F706-11A9-4FD2-88E5-73700255FA50}.Release|Any CPU.ActiveCfg = Release|Any CPU
		{8098F706-11A9-4FD2-88E5-73700255FA50}.Release|Any CPU.Build.0 = Release|Any CPU
		{A6F7655D-398B-4C28-AB8A-B8D6A4B18547}.Debug|Any CPU.ActiveCfg = Debug|Any CPU
		{A6F7655D-398B-4C28-AB8A-B8D6A4B18547}.Debug|Any CPU.Build.0 = Debug|Any CPU
		{A6F7655D-398B-4C28-AB8A-B8D6A4B18547}.Release|Any CPU.ActiveCfg = Release|Any CPU
		{A6F7655D-398B-4C28-AB8A-B8D6A4B18547}.Release|Any CPU.Build.0 = Release|Any CPU
		{19667EEA-B3DE-4D74-91EC-1F39982FE14C}.Debug|Any CPU.ActiveCfg = Debug|Any CPU
		{19667EEA-B3DE-4D74-91EC-1F39982FE14C}.Debug|Any CPU.Build.0 = Debug|Any CPU
		{19667EEA-B3DE-4D74-91EC-1F39982FE14C}.Release|Any CPU.ActiveCfg = Release|Any CPU
		{19667EEA-B3DE-4D74-91EC-1F39982FE14C}.Release|Any CPU.Build.0 = Release|Any CPU
		{39FCED47-46CB-488A-9B1D-53DD8939CADE}.Debug|Any CPU.ActiveCfg = Debug|Any CPU
		{39FCED47-46CB-488A-9B1D-53DD8939CADE}.Debug|Any CPU.Build.0 = Debug|Any CPU
		{39FCED47-46CB-488A-9B1D-53DD8939CADE}.Release|Any CPU.ActiveCfg = Release|Any CPU
		{39FCED47-46CB-488A-9B1D-53DD8939CADE}.Release|Any CPU.Build.0 = Release|Any CPU
		{39576963-91E7-40F7-B79E-2FFA712E78FB}.Debug|Any CPU.ActiveCfg = Debug|Any CPU
		{39576963-91E7-40F7-B79E-2FFA712E78FB}.Debug|Any CPU.Build.0 = Debug|Any CPU
		{39576963-91E7-40F7-B79E-2FFA712E78FB}.Release|Any CPU.ActiveCfg = Release|Any CPU
		{39576963-91E7-40F7-B79E-2FFA712E78FB}.Release|Any CPU.Build.0 = Release|Any CPU
		{3AF04786-1FA6-4A5F-B262-58B799C4DBA4}.Debug|Any CPU.ActiveCfg = Debug|Any CPU
		{3AF04786-1FA6-4A5F-B262-58B799C4DBA4}.Debug|Any CPU.Build.0 = Debug|Any CPU
		{3AF04786-1FA6-4A5F-B262-58B799C4DBA4}.Release|Any CPU.ActiveCfg = Release|Any CPU
		{3AF04786-1FA6-4A5F-B262-58B799C4DBA4}.Release|Any CPU.Build.0 = Release|Any CPU
		{F81AEB10-E8A9-49CA-B951-2FC3680DA3D7}.Debug|Any CPU.ActiveCfg = Debug|Any CPU
		{F81AEB10-E8A9-49CA-B951-2FC3680DA3D7}.Debug|Any CPU.Build.0 = Debug|Any CPU
		{F81AEB10-E8A9-49CA-B951-2FC3680DA3D7}.Release|Any CPU.ActiveCfg = Release|Any CPU
		{F81AEB10-E8A9-49CA-B951-2FC3680DA3D7}.Release|Any CPU.Build.0 = Release|Any CPU
		{BEA45BBC-3F47-43EA-A034-87DDB3C3D33A}.Debug|Any CPU.ActiveCfg = Debug|Any CPU
		{BEA45BBC-3F47-43EA-A034-87DDB3C3D33A}.Debug|Any CPU.Build.0 = Debug|Any CPU
		{BEA45BBC-3F47-43EA-A034-87DDB3C3D33A}.Release|Any CPU.ActiveCfg = Release|Any CPU
		{BEA45BBC-3F47-43EA-A034-87DDB3C3D33A}.Release|Any CPU.Build.0 = Release|Any CPU
		{672DC830-E19E-411C-B491-6F882E926077}.Debug|Any CPU.ActiveCfg = Debug|Any CPU
		{672DC830-E19E-411C-B491-6F882E926077}.Debug|Any CPU.Build.0 = Debug|Any CPU
		{672DC830-E19E-411C-B491-6F882E926077}.Release|Any CPU.ActiveCfg = Release|Any CPU
		{672DC830-E19E-411C-B491-6F882E926077}.Release|Any CPU.Build.0 = Release|Any CPU
		{A3167E05-FE11-4C6B-86F2-AC1E0425244C}.Debug|Any CPU.ActiveCfg = Debug|Any CPU
		{A3167E05-FE11-4C6B-86F2-AC1E0425244C}.Debug|Any CPU.Build.0 = Debug|Any CPU
		{A3167E05-FE11-4C6B-86F2-AC1E0425244C}.Release|Any CPU.ActiveCfg = Release|Any CPU
		{A3167E05-FE11-4C6B-86F2-AC1E0425244C}.Release|Any CPU.Build.0 = Release|Any CPU
		{7A859947-8A74-4F25-8158-716A287292D9}.Debug|Any CPU.ActiveCfg = Debug|Any CPU
		{7A859947-8A74-4F25-8158-716A287292D9}.Debug|Any CPU.Build.0 = Debug|Any CPU
		{7A859947-8A74-4F25-8158-716A287292D9}.Release|Any CPU.ActiveCfg = Release|Any CPU
		{7A859947-8A74-4F25-8158-716A287292D9}.Release|Any CPU.Build.0 = Release|Any CPU
		{B0C3F435-48E5-4DA5-BE6A-8792F0713579}.Debug|Any CPU.ActiveCfg = Debug|Any CPU
		{B0C3F435-48E5-4DA5-BE6A-8792F0713579}.Debug|Any CPU.Build.0 = Debug|Any CPU
		{B0C3F435-48E5-4DA5-BE6A-8792F0713579}.Release|Any CPU.ActiveCfg = Release|Any CPU
		{B0C3F435-48E5-4DA5-BE6A-8792F0713579}.Release|Any CPU.Build.0 = Release|Any CPU
		{25E9A9F3-3B8D-470D-B99E-CDA3B0CD18F5}.Debug|Any CPU.ActiveCfg = Debug|Any CPU
		{25E9A9F3-3B8D-470D-B99E-CDA3B0CD18F5}.Debug|Any CPU.Build.0 = Debug|Any CPU
		{25E9A9F3-3B8D-470D-B99E-CDA3B0CD18F5}.Release|Any CPU.ActiveCfg = Release|Any CPU
		{25E9A9F3-3B8D-470D-B99E-CDA3B0CD18F5}.Release|Any CPU.Build.0 = Release|Any CPU
	EndGlobalSection
	GlobalSection(SolutionProperties) = preSolution
		HideSolutionNode = FALSE
	EndGlobalSection
	GlobalSection(NestedProjects) = preSolution
		{9E5DC303-4DBF-46C4-982E-474B1B9D67F0} = {AB969685-90CB-4A71-B5DF-B337AD309DB9}
		{E5738B62-C2AA-46D7-B639-27A282F9EFF5} = {AB969685-90CB-4A71-B5DF-B337AD309DB9}
		{F6C037E1-ABF3-4985-B3BD-ABDC88ACF507} = {AB969685-90CB-4A71-B5DF-B337AD309DB9}
		{0B954740-16D4-41B2-AC75-64E67979E694} = {AB969685-90CB-4A71-B5DF-B337AD309DB9}
		{9CC71195-E47D-4609-82AE-60C7758E5C5F} = {AB969685-90CB-4A71-B5DF-B337AD309DB9}
		{AB0D403A-89D6-49BB-BC45-C67B347114D0} = {C7C569E1-3980-4006-B0B9-D0EDC38293BF}
		{8098F706-11A9-4FD2-88E5-73700255FA50} = {C7C569E1-3980-4006-B0B9-D0EDC38293BF}
		{A6F7655D-398B-4C28-AB8A-B8D6A4B18547} = {C7C569E1-3980-4006-B0B9-D0EDC38293BF}
		{19667EEA-B3DE-4D74-91EC-1F39982FE14C} = {C7C569E1-3980-4006-B0B9-D0EDC38293BF}
		{39FCED47-46CB-488A-9B1D-53DD8939CADE} = {C7C569E1-3980-4006-B0B9-D0EDC38293BF}
		{39576963-91E7-40F7-B79E-2FFA712E78FB} = {4D33FFF4-4CE2-493C-BAD1-2CA5D4FBCAED}
		{3AF04786-1FA6-4A5F-B262-58B799C4DBA4} = {4D33FFF4-4CE2-493C-BAD1-2CA5D4FBCAED}
		{F81AEB10-E8A9-49CA-B951-2FC3680DA3D7} = {4D33FFF4-4CE2-493C-BAD1-2CA5D4FBCAED}
		{BEA45BBC-3F47-43EA-A034-87DDB3C3D33A} = {4D33FFF4-4CE2-493C-BAD1-2CA5D4FBCAED}
		{672DC830-E19E-411C-B491-6F882E926077} = {AA9FEAEB-59C4-43BC-8859-FC9713CC8324}
		{A3167E05-FE11-4C6B-86F2-AC1E0425244C} = {AA9FEAEB-59C4-43BC-8859-FC9713CC8324}
		{7A859947-8A74-4F25-8158-716A287292D9} = {AA9FEAEB-59C4-43BC-8859-FC9713CC8324}
		{B0C3F435-48E5-4DA5-BE6A-8792F0713579} = {AA9FEAEB-59C4-43BC-8859-FC9713CC8324}
		{25E9A9F3-3B8D-470D-B99E-CDA3B0CD18F5} = {F146EEF9-B770-4E68-83C3-8C3449074FB7}
	EndGlobalSection
	GlobalSection(ExtensibilityGlobals) = postSolution
		SolutionGuid = {6EF7506A-8DF3-4D64-9109-3E0A7F155C6A}
	EndGlobalSection
EndGlobal
